<Solution>
  <Configurations>
    <Platform Name="Any CPU" />
    <Platform Name="x64" />
    <Platform Name="x86" />
  </Configurations>
  <Folder Name="/src/">
    <Project Path="src/AchievementUnlocker/AchievementUnlocker.csproj" />
    <Project Path="src/BotChatSender/BotChatSender.csproj" />
    <Project Path="src/NegativeCatches/NegativeCatches.csproj" />
    <Project Path="src/Optimizer/Optimizer.csproj" />
    <Project Path="src/NoChatbotOutage/NoChatbotOutage.csproj" />
    <Project Path="src/RemoteControl/RemoteControl.csproj" />
    <Project Path="src/StableUserIds/StableUserIds.csproj" />
    <Project Path="src/TwitchWatchdog/TwitchWatchdog.csproj" />
  </Folder>
</Solution>
